
Microsoft Visual Studio Solution File, Format Version 12.00
# Visual Studio Version 17
VisualStudioVersion = 17.4.33103.184
MinimumVisualStudioVersion = 10.0.40219.1
Project("{9A19103F-16F7-4668-BE54-9A1E7A4F7556}") = "Airport Manager", "Airport Manager.csproj", "{19341DB0-7B81-49C9-8358-25D4F8FCB236}"
EndProject
Project("{2150E333-8FDC-42A3-9474-1A3956D46DE8}") = "Solution Items", "Solution Items", "{C9A48C2B-1584-4466-A5F5-6BCDC7A20707}"
	ProjectSection(SolutionItems) = preProject
		.editorconfig = .editorconfig
	EndProjectSection
EndProject
Global
	GlobalSection(SolutionConfigurationPlatforms) = preSolution
		Debug|Any CPU = Debug|Any CPU
		Release|Any CPU = Release|Any CPU
	EndGlobalSection
	GlobalSection(ProjectConfigurationPlatforms) = postSolution
		{19341DB0-7B81-49C9-8358-25D4F8FCB236}.Debug|Any CPU.ActiveCfg = Debug|Any CPU
		{19341DB0-7B81-49C9-8358-25D4F8FCB236}.Debug|Any CPU.Build.0 = Debug|Any CPU
		{19341DB0-7B81-49C9-8358-25D4F8FCB236}.Release|Any CPU.ActiveCfg = Release|Any CPU
		{19341DB0-7B81-49C9-8358-25D4F8FCB236}.Release|Any CPU.Build.0 = Release|Any CPU
	EndGlobalSection
	GlobalSection(SolutionProperties) = preSolution
		HideSolutionNode = FALSE
	EndGlobalSection
	GlobalSection(ExtensibilityGlobals) = postSolution
		SolutionGuid = {0BC8B49B-82B8-448C-8A5F-DC949B7B763C}
	EndGlobalSection
EndGlobal
